[[package]]
category = "dev"
description = "Atomic file writes."
name = "atomicwrites"
optional = false
python-versions = ">=2.7, !=3.0.*, !=3.1.*, !=3.2.*, !=3.3.*"
version = "1.3.0"

[[package]]
category = "dev"
description = "Classes Without Boilerplate"
name = "attrs"
optional = false
python-versions = ">=2.7, !=3.0.*, !=3.1.*, !=3.2.*, !=3.3.*"
version = "19.3.0"

[[package]]
category = "main"
description = "Cleo allows you to create beautiful and testable command-line interfaces."
name = "cleo"
optional = false
python-versions = ">=2.7, !=3.0.*, !=3.1.*, !=3.2.*, !=3.3.*"
version = "0.7.6"

[package.dependencies]
clikit = ">=0.4.0,<0.5.0"

[[package]]
category = "main"
description = "CliKit is a group of utilities to build beautiful and testable command line interfaces."
name = "clikit"
optional = false
python-versions = ">=2.7, !=3.0.*, !=3.1.*, !=3.2.*, !=3.3.*"
version = "0.4.0"

[package.dependencies]
pastel = ">=0.1.0,<0.2.0"
pylev = ">=1.3,<2.0"

[[package]]
category = "dev"
description = "Cross-platform colored terminal text."
marker = "sys_platform == \"win32\""
name = "colorama"
optional = false
python-versions = ">=2.7, !=3.0.*, !=3.1.*, !=3.2.*, !=3.3.*"
version = "0.4.1"

[[package]]
category = "main"
description = "Clean single-source support for Python 3 and 2"
name = "future"
optional = false
python-versions = ">=2.6, !=3.0.*, !=3.1.*, !=3.2.*"
version = "0.18.2"

[[package]]
category = "dev"
description = "Read metadata from Python packages"
marker = "python_version < \"3.8\""
name = "importlib-metadata"
optional = false
python-versions = ">=2.7,!=3.0,!=3.1,!=3.2,!=3.3"
version = "0.23"

[package.dependencies]
zipp = ">=0.5"

[[package]]
category = "dev"
description = "More routines for operating on iterables, beyond itertools"
name = "more-itertools"
optional = false
python-versions = ">=3.4"
version = "7.2.0"

[[package]]
category = "main"
description = "NumPy is the fundamental package for array computing with Python."
name = "numpy"
optional = false
python-versions = ">=3.5"
version = "1.17.4"

[[package]]
category = "main"
description = "Bring colors to your terminal."
name = "pastel"
optional = false
python-versions = ">=2.7, !=3.0.*, !=3.1.*, !=3.2.*, !=3.3.*"
version = "0.1.1"

[[package]]
category = "main"
description = "Python Imaging Library (Fork)"
name = "pillow"
optional = false
python-versions = ">=2.7, !=3.0.*, !=3.1.*, !=3.2.*, !=3.3.*, !=3.4.*"
version = "6.2.1"

[[package]]
category = "dev"
description = "plugin and hook calling mechanisms for python"
name = "pluggy"
optional = false
python-versions = ">=2.7, !=3.0.*, !=3.1.*, !=3.2.*, !=3.3.*"
version = "0.13.1"

[package.dependencies]
[package.dependencies.importlib-metadata]
python = "<3.8"
version = ">=0.12"

[[package]]
category = "dev"
description = "library with cross-python path, ini-parsing, io, code, log facilities"
name = "py"
optional = false
python-versions = ">=2.7, !=3.0.*, !=3.1.*, !=3.2.*, !=3.3.*"
version = "1.8.0"

[[package]]
category = "main"
description = "A pure Python Levenshtein implementation that's not freaking GPL'd."
name = "pylev"
optional = false
python-versions = "*"
version = "1.3.0"

[[package]]
category = "dev"
description = "pytest: simple powerful testing with Python"
name = "pytest"
optional = false
python-versions = ">=2.7, !=3.0.*, !=3.1.*, !=3.2.*, !=3.3.*"
version = "3.10.1"

[package.dependencies]
atomicwrites = ">=1.0"
attrs = ">=17.4.0"
colorama = "*"
more-itertools = ">=4.0.0"
pluggy = ">=0.7"
py = ">=1.5.0"
setuptools = "*"
six = ">=1.10.0"

[[package]]
category = "main"
description = "A lightweight library to help with training neural networks in PyTorch."
name = "pytorch-ignite"
optional = false
python-versions = "*"
version = "0.2.1"

[package.dependencies]
torch = "*"

[[package]]
category = "main"
description = "Python 2 and 3 compatibility utilities"
name = "six"
optional = false
python-versions = ">=2.6, !=3.0.*, !=3.1.*"
version = "1.13.0"

[[package]]
category = "main"
description = "Tensors and Dynamic neural networks in Python with strong GPU acceleration"
name = "torch"
optional = false
python-versions = ">=2.7, !=3.0.*, !=3.1.*, !=3.2.*, !=3.3.*, !=3.4.*"
version = "1.3.1"

[package.dependencies]
future = "*"
numpy = "*"

[[package]]
category = "main"
description = "image and video datasets and models for torch deep learning"
name = "torchvision"
optional = false
python-versions = "*"
version = "0.4.2"

[package.dependencies]
numpy = "*"
pillow = ">=4.1.1"
six = "*"
torch = "1.3.1"

[[package]]
category = "main"
description = "Fast, Extensible Progress Meter"
name = "tqdm"
optional = false
python-versions = ">=2.6, !=3.0.*, !=3.1.*"
version = "4.40.2"

[[package]]
category = "dev"
description = "Backport of pathlib-compatible object wrapper for zip files"
marker = "python_version < \"3.8\""
name = "zipp"
optional = false
python-versions = ">=2.7"
version = "0.6.0"

[package.dependencies]
more-itertools = "*"

[metadata]
content-hash = "579260be497ed44d6fa268d605fd2ff618cb0ecdc3a7cc91feb3038de8c13f61"
python-versions = "^3.7"

[metadata.hashes]
atomicwrites = ["03472c30eb2c5d1ba9227e4c2ca66ab8287fbfbbda3888aa93dc2e28fc6811b4", "75a9445bac02d8d058d5e1fe689654ba5a6556a1dfd8ce6ec55a0ed79866cfa6"]
attrs = ["08a96c641c3a74e44eb59afb61a24f2cb9f4d7188748e76ba4bb5edfa3cb7d1c", "f7b7ce16570fe9965acd6d30101a28f62fb4a7f9e926b3bbc9b61f8b04247e72"]
cleo = ["9443d67e5b2da79b32d820ae41758dd6a25618345cb10b9a022a695e26b291b9", "99cf342406f3499cec43270fcfaf93c126c5164092eca201dfef0f623360b409"]
clikit = ["6819a5b2a78523be485ea9e1ef380ae8d02da4bffed540f7881fdaafbff41390", "9f07b56216bc1068f8ed441a5e67a3881fe503cfd6a3a7874f59f72be417cdda"]
colorama = ["05eed71e2e327246ad6b38c540c4a3117230b19679b875190486ddd2d721422d", "f8ac84de7840f5b9c4e3347b3c1eaa50f7e49c2b07596221daec5edaabbd7c48"]
future = ["b1bead90b70cf6ec3f0710ae53a525360fa360d306a86583adc6bf83a4db537d"]
importlib-metadata = ["aa18d7378b00b40847790e7c27e11673d7fed219354109d0e7b9e5b25dc3ad26", "d5f18a79777f3aa179c145737780282e27b508fc8fd688cb17c7a813e8bd39af"]
more-itertools = ["409cd48d4db7052af495b09dec721011634af3753ae1ef92d2b32f73a745f832", "92b8c4b06dac4f0611c0729b2f2ede52b2e1bac1ab48f089c7ddc12e26bb60c4"]
numpy = ["0a7a1dd123aecc9f0076934288ceed7fd9a81ba3919f11a855a7887cbe82a02f", "0c0763787133dfeec19904c22c7e358b231c87ba3206b211652f8cbe1241deb6", "3d52298d0be333583739f1aec9026f3b09fdfe3ddf7c7028cb16d9d2af1cca7e", "43bb4b70585f1c2d153e45323a886839f98af8bfa810f7014b20be714c37c447", "475963c5b9e116c38ad7347e154e5651d05a2286d86455671f5b1eebba5feb76", "64874913367f18eb3013b16123c9fed113962e75d809fca5b78ebfbb73ed93ba", "683828e50c339fc9e68720396f2de14253992c495fdddef77a1e17de55f1decc", "6ca4000c4a6f95a78c33c7dadbb9495c10880be9c89316aa536eac359ab820ae", "75fd817b7061f6378e4659dd792c84c0b60533e867f83e0d1e52d5d8e53df88c", "7d81d784bdbed30137aca242ab307f3e65c8d93f4c7b7d8f322110b2e90177f9", "8d0af8d3664f142414fd5b15cabfd3b6cc3ef242a3c7a7493257025be5a6955f", "9679831005fb16c6df3dd35d17aa31dc0d4d7573d84f0b44cc481490a65c7725", "a8f67ebfae9f575d85fa859b54d3bdecaeece74e3274b0b5c5f804d7ca789fe1", "acbf5c52db4adb366c064d0b7c7899e3e778d89db585feadd23b06b587d64761", "ada4805ed51f5bcaa3a06d3dd94939351869c095e30a2b54264f5a5004b52170", "c7354e8f0eca5c110b7e978034cd86ed98a7a5ffcf69ca97535445a595e07b8e", "e2e9d8c87120ba2c591f60e32736b82b67f72c37ba88a4c23c81b5b8fa49c018", "e467c57121fe1b78a8f68dd9255fbb3bb3f4f7547c6b9e109f31d14569f490c3", "ede47b98de79565fcd7f2decb475e2dcc85ee4097743e551fe26cfc7eb3ff143", "f58913e9227400f1395c7b800503ebfdb0772f1c33ff8cb4d6451c06cabdf316", "fe39f5fd4103ec4ca3cb8600b19216cd1ff316b4990f4c0b6057ad982c0a34d5"]
pastel = ["a904e1659512cc9880a028f66de77cc813a4c32f7ceb68725cbc8afad57ef7ef", "bf3b1901b2442ea0d8ab9a390594e5b0c9584709d543a3113506fe8b28cbace3"]
pillow = ["047d9473cf68af50ac85f8ee5d5f21a60f849bc17d348da7fc85711287a75031", "0f66dc6c8a3cc319561a633b6aa82c44107f12594643efa37210d8c924fc1c71", "12c9169c4e8fe0a7329e8658c7e488001f6b4c8e88740e76292c2b857af2e94c", "248cffc168896982f125f5c13e9317c059f74fffdb4152893339f3be62a01340", "27faf0552bf8c260a5cee21a76e031acaea68babb64daf7e8f2e2540745082aa", "285edafad9bc60d96978ed24d77cdc0b91dace88e5da8c548ba5937c425bca8b", "384b12c9aa8ef95558abdcb50aada56d74bc7cc131dd62d28c2d0e4d3aadd573", "38950b3a707f6cef09cd3cbb142474357ad1a985ceb44d921bdf7b4647b3e13e", "4aad1b88933fd6dc2846552b89ad0c74ddbba2f0884e2c162aa368374bf5abab", "4ac6148008c169603070c092e81f88738f1a0c511e07bd2bb0f9ef542d375da9", "4deb1d2a45861ae6f0b12ea0a786a03d19d29edcc7e05775b85ec2877cb54c5e", "59aa2c124df72cc75ed72c8d6005c442d4685691a30c55321e00ed915ad1a291", "5a47d2123a9ec86660fe0e8d0ebf0aa6bc6a17edc63f338b73ea20ba11713f12", "5cc901c2ab9409b4b7ac7b5bcc3e86ac14548627062463da0af3b6b7c555a871", "6c1db03e8dff7b9f955a0fb9907eb9ca5da75b5ce056c0c93d33100a35050281", "7ce80c0a65a6ea90ef9c1f63c8593fcd2929448613fc8da0adf3e6bfad669d08", "809c19241c14433c5d6135e1b6c72da4e3b56d5c865ad5736ab99af8896b8f41", "83792cb4e0b5af480588601467c0764242b9a483caea71ef12d22a0d0d6bdce2", "846fa202bd7ee0f6215c897a1d33238ef071b50766339186687bd9b7a6d26ac5", "9f5529fc02009f96ba95bea48870173426879dc19eec49ca8e08cd63ecd82ddb", "a423c2ea001c6265ed28700df056f75e26215fd28c001e93ef4380b0f05f9547", "ac4428094b42907aba5879c7c000d01c8278d451a3b7cccd2103e21f6397ea75", "b1ae48d87f10d1384e5beecd169c77502fcc04a2c00a4c02b85f0a94b419e5f9", "bf4e972a88f8841d8fdc6db1a75e0f8d763e66e3754b03006cbc3854d89f1cb1", "c6414f6aad598364aaf81068cabb077894eb88fed99c6a65e6e8217bab62ae7a", "c710fcb7ee32f67baf25aa9ffede4795fd5d93b163ce95fdc724383e38c9df96", "c7be4b8a09852291c3c48d3c25d1b876d2494a0a674980089ac9d5e0d78bd132", "c9e5ffb910b14f090ac9c38599063e354887a5f6d7e6d26795e916b4514f2c1a", "e0697b826da6c2472bb6488db4c0a7fa8af0d52fa08833ceb3681358914b14e5", "e9a3edd5f714229d41057d56ac0f39ad9bdba6767e8c888c951869f0bdd129b0"]
pluggy = ["15b2acde666561e1298d71b523007ed7364de07029219b604cf808bfa1c765b0", "966c145cd83c96502c3c3868f50408687b38434af77734af1e9ca461a4081d2d"]
py = ["64f65755aee5b381cea27766a3a147c3f15b9b6b9ac88676de66ba2ae36793fa", "dc639b046a6e2cff5bbe40194ad65936d6ba360b52b3c3fe1d08a82dd50b5e53"]
pylev = ["063910098161199b81e453025653ec53556c1be7165a9b7c50be2f4d57eae1c3", "1d29a87beb45ebe1e821e7a3b10da2b6b2f4c79b43f482c2df1a1f748a6e114e"]
pytest = ["3f193df1cfe1d1609d4c583838bea3d532b18d6160fd3f55c9447fdca30848ec", "e246cf173c01169b9617fc07264b7b1316e78d7a650055235d6d897bc80d9660"]
pytorch-ignite = ["5b3210cc47870049fcfe23c2860879f3d9ce256fc512d891bc4d541d4b9418a7", "d655ee744453938339633b7584fdee446ac978a0b340e5794911c0effcbf5393", "d7f9d9cb931278f6b8c6c14fcaabbf486b034a7e232c408dbf4806b814ee4b3f"]
six = ["1f1b7d42e254082a9db6279deae68afb421ceba6158efa6131de7b3003ee93fd", "30f610279e8b2578cab6db20741130331735c781b56053c59c4076da27f06b66"]
torch = ["0cec2e13a2e95c24c34f17d437f354ee2a40902e8d515a524556b350e12555dd", "134e8291a97151b1ffeea09cb9ddde5238beb4e6d9dfb66657143d6990bfb865", "31062923ac2e60eac676f6a0ae14702b051c158bbcf7f440eaba266b0defa197", "3b05233481b51bb636cee63dc761bb7f602e198178782ff4159d385d1759608b", "458f1d87e5b7064b2c39e36675d84e163be3143dd2fc806057b7878880c461bc", "72a1c85bffd2154f085bc0a1d378d8a54e55a57d49664b874fe7c949022bf071", "77fd8866c0bf529861ffd850a5dada2190a8d9c5167719fb0cfa89163e23b143", "b6f01d851d1c5989d4a99b50ae0187762b15b7718dcd1a33704b665daa2402f9", "d8e1d904a6193ed14a4fed220b00503b2baa576e71471286d1ebba899c851fae"]
torchvision = ["0f8245d6378acc86917f58492675f93df5279abae8bc5f832e3510722191f6c9", "1ad7593d94f6612ccb84a59467f0d10cdc213fb3e2bb91f1e773eb844787fa4c", "2553405b9afe3cedb410873b9877eb18b1526f8b01cb7c2747e51b69a936e0b5", "276a385f2f5fe484bf08467b5d081d9144b97eb458ba5b4a11e4640389e53149", "66deba9c577e36f4f071decdd894bf7ba794ac133dae64b3fd02fc3f0c6b989d", "7a458330e4efcd66f9f70127ab21fcf8cfea84acda8e707322fd2843aa6dd396", "8ff715c2323d9eca89126824ebfa74b282a95d6f64a4743fbe9b738d2de21c77", "dca4aadc12a123730957b501f9c5c2870d2f6727a2c28552cb7907b68b0ea10c", "dda25ce304978bba19e6543f7dcfee4f37d2f128ec83d4ab0c7e8f991d64865f"]
tqdm = ["7543892c59720e36e4212180274d8f58dde36803bc1f6370fd09afa20b8f5892", "f0ab01cf3ae5673d18f918700c0165e5fad0f26b5ebe4b34f62ead92686b5340"]
zipp = ["3718b1cbcd963c7d4c5511a8240812904164b7f381b647143a89d3b98f9bcd8e", "f06903e9f1f43b12d371004b4ac7b06ab39a44adc747266928ae6debfa7b3335"]
